
Microsoft Visual Studio Solution File, Format Version 12.00
# Visual Studio Version 17
VisualStudioVersion = 17.0.31903.59
MinimumVisualStudioVersion = 10.0.40219.1
Project("{2150E333-8FDC-42A3-9474-1A3956D46DE8}") = "src", "src", "{827E0CD3-B72D-47B6-A68D-7590B98EB39B}"
EndProject
Project("{FAE04EC0-301F-11D3-BF4B-00C04F79EFBC}") = "TuiVision.Core", "src\TuiVision.Core\TuiVision.Core.csproj", "{0DBB883C-8146-4F23-B55E-1EC86DB9C738}"
EndProject
Project("{FAE04EC0-301F-11D3-BF4B-00C04F79EFBC}") = "TuiVision.Controls", "src\TuiVision.Controls\TuiVision.Controls.csproj", "{3BA81FB0-3821-4739-8E70-0E5DA3FD87A0}"
EndProject
Project("{FAE04EC0-301F-11D3-BF4B-00C04F79EFBC}") = "TuiVision.Drivers.Console", "src\TuiVision.Drivers.Console\TuiVision.Drivers.Console.csproj", "{64B7A9A7-B175-4D1D-ABBA-FEC9A72A4A74}"
EndProject
Project("{FAE04EC0-301F-11D3-BF4B-00C04F79EFBC}") = "TuiVision.Serialization", "src\TuiVision.Serialization\TuiVision.Serialization.csproj", "{22FE4975-BEFF-4BBE-909A-0EEAF24F6AA5}"
EndProject
Project("{FAE04EC0-301F-11D3-BF4B-00C04F79EFBC}") = "TuiVision.Compatibility", "src\TuiVision.Compatibility\TuiVision.Compatibility.csproj", "{C9AE4DA9-8148-4C83-969F-996D6F8806F6}"
EndProject
Project("{2150E333-8FDC-42A3-9474-1A3956D46DE8}") = "tests", "tests", "{0AB3BF05-4346-4AA6-1389-037BE0695223}"
EndProject
Project("{FAE04EC0-301F-11D3-BF4B-00C04F79EFBC}") = "TuiVision.Core.Tests", "tests\TuiVision.Core.Tests\TuiVision.Core.Tests.csproj", "{A64AFD1E-0B1A-413A-8192-CDDCF5669BCD}"
EndProject
Project("{FAE04EC0-301F-11D3-BF4B-00C04F79EFBC}") = "TuiVision.Controls.Tests", "tests\TuiVision.Controls.Tests\TuiVision.Controls.Tests.csproj", "{C456E7C6-4A22-454F-84F0-C5EC5A18CECD}"
EndProject
Project("{FAE04EC0-301F-11D3-BF4B-00C04F79EFBC}") = "TuiVision.Drivers.Tests", "tests\TuiVision.Drivers.Tests\TuiVision.Drivers.Tests.csproj", "{16F57635-C7DF-4D23-A01D-2439B552CD28}"
EndProject
Project("{FAE04EC0-301F-11D3-BF4B-00C04F79EFBC}") = "TuiVision.Examples.SmokeTests", "tests\TuiVision.Examples.SmokeTests\TuiVision.Examples.SmokeTests.csproj", "{F16FFD1E-0F57-4F04-B5CC-AD12E7232E57}"
EndProject
Project("{FAE04EC0-301F-11D3-BF4B-00C04F79EFBC}") = "TuiVision.Serialization.Tests", "tests\TuiVision.Serialization.Tests\TuiVision.Serialization.Tests.csproj", "{F36F481C-FABC-4031-B09C-0E8873D9EB45}"
EndProject
Project("{FAE04EC0-301F-11D3-BF4B-00C04F79EFBC}") = "TuiVision.Compatibility.Tests", "tests\TuiVision.Compatibility.Tests\TuiVision.Compatibility.Tests.csproj", "{917E99FD-ABEA-449E-B74F-ED39EE6CA120}"
EndProject
Global
	GlobalSection(SolutionConfigurationPlatforms) = preSolution
		Debug|Any CPU = Debug|Any CPU
		Debug|x64 = Debug|x64
		Debug|x86 = Debug|x86
		Release|Any CPU = Release|Any CPU
		Release|x64 = Release|x64
		Release|x86 = Release|x86
	EndGlobalSection
	GlobalSection(ProjectConfigurationPlatforms) = postSolution
		{0DBB883C-8146-4F23-B55E-1EC86DB9C738}.Debug|Any CPU.ActiveCfg = Debug|Any CPU
		{0DBB883C-8146-4F23-B55E-1EC86DB9C738}.Debug|Any CPU.Build.0 = Debug|Any CPU
		{0DBB883C-8146-4F23-B55E-1EC86DB9C738}.Debug|x64.ActiveCfg = Debug|Any CPU
		{0DBB883C-8146-4F23-B55E-1EC86DB9C738}.Debug|x64.Build.0 = Debug|Any CPU
		{0DBB883C-8146-4F23-B55E-1EC86DB9C738}.Debug|x86.ActiveCfg = Debug|Any CPU
		{0DBB883C-8146-4F23-B55E-1EC86DB9C738}.Debug|x86.Build.0 = Debug|Any CPU
		{0DBB883C-8146-4F23-B55E-1EC86DB9C738}.Release|Any CPU.ActiveCfg = Release|Any CPU
		{0DBB883C-8146-4F23-B55E-1EC86DB9C738}.Release|Any CPU.Build.0 = Release|Any CPU
		{0DBB883C-8146-4F23-B55E-1EC86DB9C738}.Release|x64.ActiveCfg = Release|Any CPU
		{0DBB883C-8146-4F23-B55E-1EC86DB9C738}.Release|x64.Build.0 = Release|Any CPU
		{0DBB883C-8146-4F23-B55E-1EC86DB9C738}.Release|x86.ActiveCfg = Release|Any CPU
		{0DBB883C-8146-4F23-B55E-1EC86DB9C738}.Release|x86.Build.0 = Release|Any CPU
		{3BA81FB0-3821-4739-8E70-0E5DA3FD87A0}.Debug|Any CPU.ActiveCfg = Debug|Any CPU
		{3BA81FB0-3821-4739-8E70-0E5DA3FD87A0}.Debug|Any CPU.Build.0 = Debug|Any CPU
		{3BA81FB0-3821-4739-8E70-0E5DA3FD87A0}.Debug|x64.ActiveCfg = Debug|Any CPU
		{3BA81FB0-3821-4739-8E70-0E5DA3FD87A0}.Debug|x64.Build.0 = Debug|Any CPU
		{3BA81FB0-3821-4739-8E70-0E5DA3FD87A0}.Debug|x86.ActiveCfg = Debug|Any CPU
		{3BA81FB0-3821-4739-8E70-0E5DA3FD87A0}.Debug|x86.Build.0 = Debug|Any CPU
		{3BA81FB0-3821-4739-8E70-0E5DA3FD87A0}.Release|Any CPU.ActiveCfg = Release|Any CPU
		{3BA81FB0-3821-4739-8E70-0E5DA3FD87A0}.Release|Any CPU.Build.0 = Release|Any CPU
		{3BA81FB0-3821-4739-8E70-0E5DA3FD87A0}.Release|x64.ActiveCfg = Release|Any CPU
		{3BA81FB0-3821-4739-8E70-0E5DA3FD87A0}.Release|x64.Build.0 = Release|Any CPU
		{3BA81FB0-3821-4739-8E70-0E5DA3FD87A0}.Release|x86.ActiveCfg = Release|Any CPU
		{3BA81FB0-3821-4739-8E70-0E5DA3FD87A0}.Release|x86.Build.0 = Release|Any CPU
		{64B7A9A7-B175-4D1D-ABBA-FEC9A72A4A74}.Debug|Any CPU.ActiveCfg = Debug|Any CPU
		{64B7A9A7-B175-4D1D-ABBA-FEC9A72A4A74}.Debug|Any CPU.Build.0 = Debug|Any CPU
		{64B7A9A7-B175-4D1D-ABBA-FEC9A72A4A74}.Debug|x64.ActiveCfg = Debug|Any CPU
		{64B7A9A7-B175-4D1D-ABBA-FEC9A72A4A74}.Debug|x64.Build.0 = Debug|Any CPU
		{64B7A9A7-B175-4D1D-ABBA-FEC9A72A4A74}.Debug|x86.ActiveCfg = Debug|Any CPU
		{64B7A9A7-B175-4D1D-ABBA-FEC9A72A4A74}.Debug|x86.Build.0 = Debug|Any CPU
		{64B7A9A7-B175-4D1D-ABBA-FEC9A72A4A74}.Release|Any CPU.ActiveCfg = Release|Any CPU
		{64B7A9A7-B175-4D1D-ABBA-FEC9A72A4A74}.Release|Any CPU.Build.0 = Release|Any CPU
		{64B7A9A7-B175-4D1D-ABBA-FEC9A72A4A74}.Release|x64.ActiveCfg = Release|Any CPU
		{64B7A9A7-B175-4D1D-ABBA-FEC9A72A4A74}.Release|x64.Build.0 = Release|Any CPU
		{64B7A9A7-B175-4D1D-ABBA-FEC9A72A4A74}.Release|x86.ActiveCfg = Release|Any CPU
		{64B7A9A7-B175-4D1D-ABBA-FEC9A72A4A74}.Release|x86.Build.0 = Release|Any CPU
		{22FE4975-BEFF-4BBE-909A-0EEAF24F6AA5}.Debug|Any CPU.ActiveCfg = Debug|Any CPU
		{22FE4975-BEFF-4BBE-909A-0EEAF24F6AA5}.Debug|Any CPU.Build.0 = Debug|Any CPU
		{22FE4975-BEFF-4BBE-909A-0EEAF24F6AA5}.Debug|x64.ActiveCfg = Debug|Any CPU
		{22FE4975-BEFF-4BBE-909A-0EEAF24F6AA5}.Debug|x64.Build.0 = Debug|Any CPU
		{22FE4975-BEFF-4BBE-909A-0EEAF24F6AA5}.Debug|x86.ActiveCfg = Debug|Any CPU
		{22FE4975-BEFF-4BBE-909A-0EEAF24F6AA5}.Debug|x86.Build.0 = Debug|Any CPU
		{22FE4975-BEFF-4BBE-909A-0EEAF24F6AA5}.Release|Any CPU.ActiveCfg = Release|Any CPU
		{22FE4975-BEFF-4BBE-909A-0EEAF24F6AA5}.Release|Any CPU.Build.0 = Release|Any CPU
		{22FE4975-BEFF-4BBE-909A-0EEAF24F6AA5}.Release|x64.ActiveCfg = Release|Any CPU
		{22FE4975-BEFF-4BBE-909A-0EEAF24F6AA5}.Release|x64.Build.0 = Release|Any CPU
		{22FE4975-BEFF-4BBE-909A-0EEAF24F6AA5}.Release|x86.ActiveCfg = Release|Any CPU
		{22FE4975-BEFF-4BBE-909A-0EEAF24F6AA5}.Release|x86.Build.0 = Release|Any CPU
		{C9AE4DA9-8148-4C83-969F-996D6F8806F6}.Debug|Any CPU.ActiveCfg = Debug|Any CPU
		{C9AE4DA9-8148-4C83-969F-996D6F8806F6}.Debug|Any CPU.Build.0 = Debug|Any CPU
		{C9AE4DA9-8148-4C83-969F-996D6F8806F6}.Debug|x64.ActiveCfg = Debug|Any CPU
		{C9AE4DA9-8148-4C83-969F-996D6F8806F6}.Debug|x64.Build.0 = Debug|Any CPU
		{C9AE4DA9-8148-4C83-969F-996D6F8806F6}.Debug|x86.ActiveCfg = Debug|Any CPU
		{C9AE4DA9-8148-4C83-969F-996D6F8806F6}.Debug|x86.Build.0 = Debug|Any CPU
		{C9AE4DA9-8148-4C83-969F-996D6F8806F6}.Release|Any CPU.ActiveCfg = Release|Any CPU
		{C9AE4DA9-8148-4C83-969F-996D6F8806F6}.Release|Any CPU.Build.0 = Release|Any CPU
		{C9AE4DA9-8148-4C83-969F-996D6F8806F6}.Release|x64.ActiveCfg = Release|Any CPU
		{C9AE4DA9-8148-4C83-969F-996D6F8806F6}.Release|x64.Build.0 = Release|Any CPU
		{C9AE4DA9-8148-4C83-969F-996D6F8806F6}.Release|x86.ActiveCfg = Release|Any CPU
		{C9AE4DA9-8148-4C83-969F-996D6F8806F6}.Release|x86.Build.0 = Release|Any CPU
		{A64AFD1E-0B1A-413A-8192-CDDCF5669BCD}.Debug|Any CPU.ActiveCfg = Debug|Any CPU
		{A64AFD1E-0B1A-413A-8192-CDDCF5669BCD}.Debug|Any CPU.Build.0 = Debug|Any CPU
		{A64AFD1E-0B1A-413A-8192-CDDCF5669BCD}.Debug|x64.ActiveCfg = Debug|Any CPU
		{A64AFD1E-0B1A-413A-8192-CDDCF5669BCD}.Debug|x64.Build.0 = Debug|Any CPU
		{A64AFD1E-0B1A-413A-8192-CDDCF5669BCD}.Debug|x86.ActiveCfg = Debug|Any CPU
		{A64AFD1E-0B1A-413A-8192-CDDCF5669BCD}.Debug|x86.Build.0 = Debug|Any CPU
		{A64AFD1E-0B1A-413A-8192-CDDCF5669BCD}.Release|Any CPU.ActiveCfg = Release|Any CPU
		{A64AFD1E-0B1A-413A-8192-CDDCF5669BCD}.Release|Any CPU.Build.0 = Release|Any CPU
		{A64AFD1E-0B1A-413A-8192-CDDCF5669BCD}.Release|x64.ActiveCfg = Release|Any CPU
		{A64AFD1E-0B1A-413A-8192-CDDCF5669BCD}.Release|x64.Build.0 = Release|Any CPU
		{A64AFD1E-0B1A-413A-8192-CDDCF5669BCD}.Release|x86.ActiveCfg = Release|Any CPU
		{A64AFD1E-0B1A-413A-8192-CDDCF5669BCD}.Release|x86.Build.0 = Release|Any CPU
		{C456E7C6-4A22-454F-84F0-C5EC5A18CECD}.Debug|Any CPU.ActiveCfg = Debug|Any CPU
		{C456E7C6-4A22-454F-84F0-C5EC5A18CECD}.Debug|Any CPU.Build.0 = Debug|Any CPU
		{C456E7C6-4A22-454F-84F0-C5EC5A18CECD}.Debug|x64.ActiveCfg = Debug|Any CPU
		{C456E7C6-4A22-454F-84F0-C5EC5A18CECD}.Debug|x64.Build.0 = Debug|Any CPU
		{C456E7C6-4A22-454F-84F0-C5EC5A18CECD}.Debug|x86.ActiveCfg = Debug|Any CPU
		{C456E7C6-4A22-454F-84F0-C5EC5A18CECD}.Debug|x86.Build.0 = Debug|Any CPU
		{C456E7C6-4A22-454F-84F0-C5EC5A18CECD}.Release|Any CPU.ActiveCfg = Release|Any CPU
		{C456E7C6-4A22-454F-84F0-C5EC5A18CECD}.Release|Any CPU.Build.0 = Release|Any CPU
		{C456E7C6-4A22-454F-84F0-C5EC5A18CECD}.Release|x64.ActiveCfg = Release|Any CPU
		{C456E7C6-4A22-454F-84F0-C5EC5A18CECD}.Release|x64.Build.0 = Release|Any CPU
		{C456E7C6-4A22-454F-84F0-C5EC5A18CECD}.Release|x86.ActiveCfg = Release|Any CPU
		{C456E7C6-4A22-454F-84F0-C5EC5A18CECD}.Release|x86.Build.0 = Release|Any CPU
		{16F57635-C7DF-4D23-A01D-2439B552CD28}.Debug|Any CPU.ActiveCfg = Debug|Any CPU
		{16F57635-C7DF-4D23-A01D-2439B552CD28}.Debug|Any CPU.Build.0 = Debug|Any CPU
		{16F57635-C7DF-4D23-A01D-2439B552CD28}.Debug|x64.ActiveCfg = Debug|Any CPU
		{16F57635-C7DF-4D23-A01D-2439B552CD28}.Debug|x64.Build.0 = Debug|Any CPU
		{16F57635-C7DF-4D23-A01D-2439B552CD28}.Debug|x86.ActiveCfg = Debug|Any CPU
		{16F57635-C7DF-4D23-A01D-2439B552CD28}.Debug|x86.Build.0 = Debug|Any CPU
		{16F57635-C7DF-4D23-A01D-2439B552CD28}.Release|Any CPU.ActiveCfg = Release|Any CPU
		{16F57635-C7DF-4D23-A01D-2439B552CD28}.Release|Any CPU.Build.0 = Release|Any CPU
		{16F57635-C7DF-4D23-A01D-2439B552CD28}.Release|x64.ActiveCfg = Release|Any CPU
		{16F57635-C7DF-4D23-A01D-2439B552CD28}.Release|x64.Build.0 = Release|Any CPU
		{16F57635-C7DF-4D23-A01D-2439B552CD28}.Release|x86.ActiveCfg = Release|Any CPU
		{16F57635-C7DF-4D23-A01D-2439B552CD28}.Release|x86.Build.0 = Release|Any CPU
		{F16FFD1E-0F57-4F04-B5CC-AD12E7232E57}.Debug|Any CPU.ActiveCfg = Debug|Any CPU
		{F16FFD1E-0F57-4F04-B5CC-AD12E7232E57}.Debug|Any CPU.Build.0 = Debug|Any CPU
		{F16FFD1E-0F57-4F04-B5CC-AD12E7232E57}.Debug|x64.ActiveCfg = Debug|Any CPU
		{F16FFD1E-0F57-4F04-B5CC-AD12E7232E57}.Debug|x64.Build.0 = Debug|Any CPU
		{F16FFD1E-0F57-4F04-B5CC-AD12E7232E57}.Debug|x86.ActiveCfg = Debug|Any CPU
		{F16FFD1E-0F57-4F04-B5CC-AD12E7232E57}.Debug|x86.Build.0 = Debug|Any CPU
		{F16FFD1E-0F57-4F04-B5CC-AD12E7232E57}.Release|Any CPU.ActiveCfg = Release|Any CPU
		{F16FFD1E-0F57-4F04-B5CC-AD12E7232E57}.Release|Any CPU.Build.0 = Release|Any CPU
		{F16FFD1E-0F57-4F04-B5CC-AD12E7232E57}.Release|x64.ActiveCfg = Release|Any CPU
		{F16FFD1E-0F57-4F04-B5CC-AD12E7232E57}.Release|x64.Build.0 = Release|Any CPU
		{F16FFD1E-0F57-4F04-B5CC-AD12E7232E57}.Release|x86.ActiveCfg = Release|Any CPU
		{F16FFD1E-0F57-4F04-B5CC-AD12E7232E57}.Release|x86.Build.0 = Release|Any CPU
		{F36F481C-FABC-4031-B09C-0E8873D9EB45}.Debug|Any CPU.ActiveCfg = Debug|Any CPU
		{F36F481C-FABC-4031-B09C-0E8873D9EB45}.Debug|Any CPU.Build.0 = Debug|Any CPU
		{F36F481C-FABC-4031-B09C-0E8873D9EB45}.Debug|x64.ActiveCfg = Debug|Any CPU
		{F36F481C-FABC-4031-B09C-0E8873D9EB45}.Debug|x64.Build.0 = Debug|Any CPU
		{F36F481C-FABC-4031-B09C-0E8873D9EB45}.Debug|x86.ActiveCfg = Debug|Any CPU
		{F36F481C-FABC-4031-B09C-0E8873D9EB45}.Debug|x86.Build.0 = Debug|Any CPU
		{F36F481C-FABC-4031-B09C-0E8873D9EB45}.Release|Any CPU.ActiveCfg = Release|Any CPU
		{F36F481C-FABC-4031-B09C-0E8873D9EB45}.Release|Any CPU.Build.0 = Release|Any CPU
		{F36F481C-FABC-4031-B09C-0E8873D9EB45}.Release|x64.ActiveCfg = Release|Any CPU
		{F36F481C-FABC-4031-B09C-0E8873D9EB45}.Release|x64.Build.0 = Release|Any CPU
		{F36F481C-FABC-4031-B09C-0E8873D9EB45}.Release|x86.ActiveCfg = Release|Any CPU
		{F36F481C-FABC-4031-B09C-0E8873D9EB45}.Release|x86.Build.0 = Release|Any CPU
		{917E99FD-ABEA-449E-B74F-ED39EE6CA120}.Debug|Any CPU.ActiveCfg = Debug|Any CPU
		{917E99FD-ABEA-449E-B74F-ED39EE6CA120}.Debug|Any CPU.Build.0 = Debug|Any CPU
		{917E99FD-ABEA-449E-B74F-ED39EE6CA120}.Debug|x64.ActiveCfg = Debug|Any CPU
		{917E99FD-ABEA-449E-B74F-ED39EE6CA120}.Debug|x64.Build.0 = Debug|Any CPU
		{917E99FD-ABEA-449E-B74F-ED39EE6CA120}.Debug|x86.ActiveCfg = Debug|Any CPU
		{917E99FD-ABEA-449E-B74F-ED39EE6CA120}.Debug|x86.Build.0 = Debug|Any CPU
		{917E99FD-ABEA-449E-B74F-ED39EE6CA120}.Release|Any CPU.ActiveCfg = Release|Any CPU
		{917E99FD-ABEA-449E-B74F-ED39EE6CA120}.Release|Any CPU.Build.0 = Release|Any CPU
		{917E99FD-ABEA-449E-B74F-ED39EE6CA120}.Release|x64.ActiveCfg = Release|Any CPU
		{917E99FD-ABEA-449E-B74F-ED39EE6CA120}.Release|x64.Build.0 = Release|Any CPU
		{917E99FD-ABEA-449E-B74F-ED39EE6CA120}.Release|x86.ActiveCfg = Release|Any CPU
		{917E99FD-ABEA-449E-B74F-ED39EE6CA120}.Release|x86.Build.0 = Release|Any CPU
	EndGlobalSection
	GlobalSection(SolutionProperties) = preSolution
		HideSolutionNode = FALSE
	EndGlobalSection
	GlobalSection(NestedProjects) = preSolution
		{0DBB883C-8146-4F23-B55E-1EC86DB9C738} = {827E0CD3-B72D-47B6-A68D-7590B98EB39B}
		{3BA81FB0-3821-4739-8E70-0E5DA3FD87A0} = {827E0CD3-B72D-47B6-A68D-7590B98EB39B}
		{64B7A9A7-B175-4D1D-ABBA-FEC9A72A4A74} = {827E0CD3-B72D-47B6-A68D-7590B98EB39B}
		{22FE4975-BEFF-4BBE-909A-0EEAF24F6AA5} = {827E0CD3-B72D-47B6-A68D-7590B98EB39B}
		{C9AE4DA9-8148-4C83-969F-996D6F8806F6} = {827E0CD3-B72D-47B6-A68D-7590B98EB39B}
		{A64AFD1E-0B1A-413A-8192-CDDCF5669BCD} = {0AB3BF05-4346-4AA6-1389-037BE0695223}
		{C456E7C6-4A22-454F-84F0-C5EC5A18CECD} = {0AB3BF05-4346-4AA6-1389-037BE0695223}
		{16F57635-C7DF-4D23-A01D-2439B552CD28} = {0AB3BF05-4346-4AA6-1389-037BE0695223}
		{F16FFD1E-0F57-4F04-B5CC-AD12E7232E57} = {0AB3BF05-4346-4AA6-1389-037BE0695223}
		{F36F481C-FABC-4031-B09C-0E8873D9EB45} = {0AB3BF05-4346-4AA6-1389-037BE0695223}
		{917E99FD-ABEA-449E-B74F-ED39EE6CA120} = {0AB3BF05-4346-4AA6-1389-037BE0695223}
	EndGlobalSection
EndGlobal
